<?xml version="1.0" encoding="utf-8"?>
<Project ToolsVersion="4.0" xmlns="http://schemas.microsoft.com/developer/msbuild/2003">
  <ItemGroup>
    <Filter Include="Resource Files">
      <UniqueIdentifier>{67DA6AB6-F800-4c08-8B7A-83BB121AAD01}</UniqueIdentifier>
      <Extensions>rc;ico;cur;bmp;dlg;rc2;rct;bin;rgs;gif;jpg;jpeg;jpe;resx;tiff;tif;png;wav;mfcribbon-ms</Extensions>
    </Filter>
    <Filter Include="Engine">
      <UniqueIdentifier>{e546da93-2e21-4ee3-bddf-8990d35eb0a4}</UniqueIdentifier>
    </Filter>
    <Filter Include="Game">
      <UniqueIdentifier>{3a18853c-7ee5-4243-bd3e-3022a3009edc}</UniqueIdentifier>
    </Filter>
    <Filter Include="Libraries">
      <UniqueIdentifier>{381886e1-9625-44a4-a13a-699c35fbbec8}</UniqueIdentifier>
    </Filter>
    <Filter Include="Core">
      <UniqueIdentifier>{ae5c5766-5cda-4fdb-9f46-a11cd8da436d}</UniqueIdentifier>
    </Filter>
    <Filter Include="Core\Engine">
      <UniqueIdentifier>{b0e8fab6-5226-4cf9-b9ff-0813361ed64d}</UniqueIdentifier>
    </Filter>
    <Filter Include="Core\IO">
      <UniqueIdentifier>{07871ccc-3a49-4764-8d47-9e38fca57cb0}</UniqueIdentifier>
    </Filter>
    <Filter Include="Core\Graphics">
      <UniqueIdentifier>{8d51b90a-ccd4-460b-abc1-01d235fd9083}</UniqueIdentifier>
    </Filter>
    <Filter Include="Core\Physics">
      <UniqueIdentifier>{a2371007-1997-4bab-8a4f-e705cc398d14}</UniqueIdentifier>
    </Filter>
    <Filter Include="Core\UI">
      <UniqueIdentifier>{401eaded-12ea-4850-8f8d-cd017ef98597}</UniqueIdentifier>
    </Filter>
    <Filter Include="Core\Graphics\Shaders">
      <UniqueIdentifier>{ad26d15d-f76c-4804-8b35-7c66d542de97}</UniqueIdentifier>
    </Filter>
    <Filter Include="Core\IO\utils">
      <UniqueIdentifier>{a8dc9866-00ce-4071-accb-118cc5335f5f}</UniqueIdentifier>
    </Filter>
    <Filter Include="Core\Graphics\Resources">
      <UniqueIdentifier>{f8f559b4-8195-42cc-8522-1dd334dd9846}</UniqueIdentifier>
    </Filter>
    <Filter Include="Engine\Components">
      <UniqueIdentifier>{556c344e-b711-42d6-ac6c-a7d8acd519e0}</UniqueIdentifier>
    </Filter>
    <Filter Include="Core\EngineUtils">
      <UniqueIdentifier>{65797504-53be-4664-b681-6c1926f86ad0}</UniqueIdentifier>
    </Filter>
  </ItemGroup>
  <ItemGroup>
    <ClCompile Include="scene.cpp">
      <Filter>Engine</Filter>
    </ClCompile>
    <ClCompile Include="camera.cpp">
      <Filter>Engine</Filter>
    </ClCompile>
    <ClCompile Include="gameobject.cpp">
      <Filter>Engine</Filter>
    </ClCompile>
    <ClCompile Include="light.cpp">
      <Filter>Engine</Filter>
    </ClCompile>
    <ClCompile Include="Game.cpp">
      <Filter>Game</Filter>
    </ClCompile>
    <ClCompile Include="main.cpp" />
    <ClCompile Include="lodepng.cpp">
      <Filter>Libraries</Filter>
    </ClCompile>
    <ClCompile Include="engine_t.cpp">
      <Filter>Core\Engine</Filter>
    </ClCompile>
    <ClCompile Include="inputs.cpp">
      <Filter>Core\IO</Filter>
    </ClCompile>
    <ClCompile Include="mesh.cpp">
      <Filter>Core\Graphics\Resources</Filter>
    </ClCompile>
    <ClCompile Include="sprite.cpp">
      <Filter>Core\Graphics\Resources</Filter>
    </ClCompile>
    <ClCompile Include="texture.cpp">
      <Filter>Core\Graphics\Resources</Filter>
    </ClCompile>
    <ClCompile Include="transform.cpp">
      <Filter>Engine</Filter>
    </ClCompile>
    <ClCompile Include="context.cpp">
      <Filter>Core\Engine</Filter>
    </ClCompile>
    <ClCompile Include="fly_controller.cpp">
      <Filter>Engine</Filter>
    </ClCompile>
    <ClCompile Include="obj_2d.cpp">
      <Filter>Game</Filter>
    </ClCompile>
    <ClCompile Include="obj_3d.cpp">
      <Filter>Game</Filter>
    </ClCompile>
    <ClCompile Include="labyr.cpp">
      <Filter>Game</Filter>
    </ClCompile>
    <ClCompile Include="fps_controller.cpp">
      <Filter>Engine</Filter>
    </ClCompile>
    <ClCompile Include="font.cpp">
      <Filter>Core\Graphics\Resources</Filter>
    </ClCompile>
    <ClCompile Include="style.cpp">
      <Filter>Core\Graphics\Resources</Filter>
    </ClCompile>
    <ClCompile Include="rect.cpp">
      <Filter>Core\Physics</Filter>
    </ClCompile>
    <ClCompile Include="physics.cpp">
      <Filter>Core\Physics</Filter>
    </ClCompile>
    <ClCompile Include="ui_canvas.cpp">
      <Filter>Core\UI</Filter>
    </ClCompile>
    <ClCompile Include="ui_text.cpp">
      <Filter>Core\UI</Filter>
    </ClCompile>
    <ClCompile Include="shader.cpp">
      <Filter>Core\Graphics\Shaders</Filter>
    </ClCompile>
    <ClCompile Include="shadowmap.cpp">
      <Filter>Core\Graphics\Shaders</Filter>
    </ClCompile>
    <ClCompile Include="shader_manager.cpp">
      <Filter>Core\Graphics\Shaders</Filter>
    </ClCompile>
    <ClCompile Include="shader_mesh.cpp">
      <Filter>Core\Graphics\Shaders</Filter>
    </ClCompile>
    <ClCompile Include="string_utils.cpp">
      <Filter>Core\IO\utils</Filter>
    </ClCompile>
    <ClCompile Include="shader_lighting.cpp">
      <Filter>Core\Graphics\Shaders</Filter>
    </ClCompile>
    <ClCompile Include="render_manager.cpp">
      <Filter>Core\Graphics</Filter>
    </ClCompile>
    <ClCompile Include="component.cpp">
      <Filter>Engine\Components</Filter>
    </ClCompile>
    <ClCompile Include="materal.cpp">
      <Filter>Core\Graphics\Resources</Filter>
    </ClCompile>
    <ClCompile Include="mesh_generator.cpp">
      <Filter>Core\EngineUtils</Filter>
    </ClCompile>
  </ItemGroup>
  <ItemGroup>
    <ClInclude Include="camera.h">
      <Filter>Engine</Filter>
    </ClInclude>
    <ClInclude Include="gameobject.h">
      <Filter>Engine</Filter>
    </ClInclude>
    <ClInclude Include="scene.h">
      <Filter>Engine</Filter>
    </ClInclude>
    <ClInclude Include="light.h">
      <Filter>Engine</Filter>
    </ClInclude>
    <ClInclude Include="Game.h">
      <Filter>Game</Filter>
    </ClInclude>
    <ClInclude Include="lodepng.h">
      <Filter>Libraries</Filter>
    </ClInclude>
    <ClInclude Include="engine_setup.h">
      <Filter>Core\Engine</Filter>
    </ClInclude>
    <ClInclude Include="engine_t.h">
      <Filter>Core\Engine</Filter>
    </ClInclude>
    <ClInclude Include="debug.h">
      <Filter>Core\IO</Filter>
    </ClInclude>
    <ClInclude Include="inputs.h">
      <Filter>Core\IO</Filter>
    </ClInclude>
    <ClInclude Include="mesh.h">
      <Filter>Core\Graphics\Resources</Filter>
    </ClInclude>
    <ClInclude Include="sprite.h">
      <Filter>Core\Graphics\Resources</Filter>
    </ClInclude>
    <ClInclude Include="texture.h">
      <Filter>Core\Graphics\Resources</Filter>
    </ClInclude>
    <ClInclude Include="transform.h">
      <Filter>Engine</Filter>
    </ClInclude>
    <ClInclude Include="time_manager.h">
      <Filter>Core\Engine</Filter>
    </ClInclude>
    <ClInclude Include="context.h">
      <Filter>Core\Engine</Filter>
    </ClInclude>
    <ClInclude Include="root_declar.h">
      <Filter>Core\Engine</Filter>
    </ClInclude>
    <ClInclude Include="fly_controller.h">
      <Filter>Engine</Filter>
    </ClInclude>
    <ClInclude Include="obj_2d.h">
      <Filter>Game</Filter>
    </ClInclude>
    <ClInclude Include="obj_3d.h">
      <Filter>Game</Filter>
    </ClInclude>
    <ClInclude Include="labyr.h">
      <Filter>Game</Filter>
    </ClInclude>
    <ClInclude Include="fps_controller.h">
      <Filter>Engine</Filter>
    </ClInclude>
    <ClInclude Include="font.h">
      <Filter>Core\Graphics\Resources</Filter>
    </ClInclude>
    <ClInclude Include="style.h">
      <Filter>Core\Graphics\Resources</Filter>
    </ClInclude>
    <ClInclude Include="rect.h">
      <Filter>Core\Physics</Filter>
    </ClInclude>
    <ClInclude Include="physics.h">
      <Filter>Core\Physics</Filter>
    </ClInclude>
    <ClInclude Include="ui_manager.h">
      <Filter>Core\UI</Filter>
    </ClInclude>
    <ClInclude Include="ui_element.h">
      <Filter>Core\UI</Filter>
    </ClInclude>
    <ClInclude Include="ui_canvas.h">
      <Filter>Core\UI</Filter>
    </ClInclude>
    <ClInclude Include="ui_text.h">
      <Filter>Core\UI</Filter>
    </ClInclude>
    <ClInclude Include="shader.h">
      <Filter>Core\Graphics\Shaders</Filter>
    </ClInclude>
    <ClInclude Include="shadowmap.h">
      <Filter>Core\Graphics\Shaders</Filter>
    </ClInclude>
    <ClInclude Include="shader_manager.h">
      <Filter>Core\Graphics\Shaders</Filter>
    </ClInclude>
    <ClInclude Include="shader_mesh.h">
      <Filter>Core\Graphics\Shaders</Filter>
    </ClInclude>
    <ClInclude Include="string_utils.h">
      <Filter>Core\IO\utils</Filter>
    </ClInclude>
    <ClInclude Include="utils.h">
      <Filter>Core\IO\utils</Filter>
    </ClInclude>
    <ClInclude Include="shader_lighting.h">
      <Filter>Core\Graphics\Shaders</Filter>
    </ClInclude>
    <ClInclude Include="render_manager.h">
      <Filter>Core\Graphics</Filter>
    </ClInclude>
    <ClInclude Include="component.h">
      <Filter>Engine\Components</Filter>
    </ClInclude>
    <ClInclude Include="material.h">
      <Filter>Core\Graphics\Resources</Filter>
    </ClInclude>
    <ClInclude Include="mesh_generator.h">
      <Filter>Core\EngineUtils</Filter>
    </ClInclude>
  </ItemGroup>
</Project>